
Microsoft Visual Studio Solution File, Format Version 12.00
# Visual Studio Version 16
VisualStudioVersion = 16.0.31702.278
MinimumVisualStudioVersion = 10.0.40219.1
Project("{FAE04EC0-301F-11D3-BF4B-00C04F79EFBC}") = "matrix2d", "matrix2d\matrix2d.csproj", "{F2D11837-F9AF-4DF2-A0FD-5C30E9D4A804}"
EndProject
Global
	GlobalSection(SolutionConfigurationPlatforms) = preSolution
		Debug|Any CPU = Debug|Any CPU
		Release|Any CPU = Release|Any CPU
	EndGlobalSection
	GlobalSection(ProjectConfigurationPlatforms) = postSolution
		{F2D11837-F9AF-4DF2-A0FD-5C30E9D4A804}.Debug|Any CPU.ActiveCfg = Debug|Any CPU
		{F2D11837-F9AF-4DF2-A0FD-5C30E9D4A804}.Debug|Any CPU.Build.0 = Debug|Any CPU
		{F2D11837-F9AF-4DF2-A0FD-5C30E9D4A804}.Release|Any CPU.ActiveCfg = Release|Any CPU
		{F2D11837-F9AF-4DF2-A0FD-5C30E9D4A804}.Release|Any CPU.Build.0 = Release|Any CPU
	EndGlobalSection
	GlobalSection(SolutionProperties) = preSolution
		HideSolutionNode = FALSE
	EndGlobalSection
	GlobalSection(ExtensibilityGlobals) = postSolution
		SolutionGuid = {980C0499-BD57-4767-BA17-832A0940C04E}
	EndGlobalSection
EndGlobal
