
Microsoft Visual Studio Solution File, Format Version 12.00
# Visual Studio Version 16
VisualStudioVersion = 16.0.31702.278
MinimumVisualStudioVersion = 10.0.40219.1
Project("{FAE04EC0-301F-11D3-BF4B-00C04F79EFBC}") = "date and time", "date and time\date and time.csproj", "{3A24478A-31FA-40FA-A7DC-F27698306B21}"
EndProject
Global
	GlobalSection(SolutionConfigurationPlatforms) = preSolution
		Debug|Any CPU = Debug|Any CPU
		Release|Any CPU = Release|Any CPU
	EndGlobalSection
	GlobalSection(ProjectConfigurationPlatforms) = postSolution
		{3A24478A-31FA-40FA-A7DC-F27698306B21}.Debug|Any CPU.ActiveCfg = Debug|Any CPU
		{3A24478A-31FA-40FA-A7DC-F27698306B21}.Debug|Any CPU.Build.0 = Debug|Any CPU
		{3A24478A-31FA-40FA-A7DC-F27698306B21}.Release|Any CPU.ActiveCfg = Release|Any CPU
		{3A24478A-31FA-40FA-A7DC-F27698306B21}.Release|Any CPU.Build.0 = Release|Any CPU
	EndGlobalSection
	GlobalSection(SolutionProperties) = preSolution
		HideSolutionNode = FALSE
	EndGlobalSection
	GlobalSection(ExtensibilityGlobals) = postSolution
		SolutionGuid = {05014298-2150-49C7-84ED-18F5153955F1}
	EndGlobalSection
EndGlobal
