
Microsoft Visual Studio Solution File, Format Version 12.00
# Visual Studio Version 16
VisualStudioVersion = 16.0.31702.278
MinimumVisualStudioVersion = 10.0.40219.1
Project("{FAE04EC0-301F-11D3-BF4B-00C04F79EFBC}") = "WebApi", "WebApi\WebApi.csproj", "{960405CF-98C2-4AFA-9C3D-0B61FF6EFC6A}"
EndProject
Project("{FAE04EC0-301F-11D3-BF4B-00C04F79EFBC}") = "Mvc", "Mvc\Mvc.csproj", "{7D9871B4-129D-4DB7-B6ED-36F00A77CF0E}"
EndProject
Global
	GlobalSection(SolutionConfigurationPlatforms) = preSolution
		Debug|Any CPU = Debug|Any CPU
		Release|Any CPU = Release|Any CPU
	EndGlobalSection
	GlobalSection(ProjectConfigurationPlatforms) = postSolution
		{960405CF-98C2-4AFA-9C3D-0B61FF6EFC6A}.Debug|Any CPU.ActiveCfg = Debug|Any CPU
		{960405CF-98C2-4AFA-9C3D-0B61FF6EFC6A}.Debug|Any CPU.Build.0 = Debug|Any CPU
		{960405CF-98C2-4AFA-9C3D-0B61FF6EFC6A}.Release|Any CPU.ActiveCfg = Release|Any CPU
		{960405CF-98C2-4AFA-9C3D-0B61FF6EFC6A}.Release|Any CPU.Build.0 = Release|Any CPU
		{7D9871B4-129D-4DB7-B6ED-36F00A77CF0E}.Debug|Any CPU.ActiveCfg = Debug|Any CPU
		{7D9871B4-129D-4DB7-B6ED-36F00A77CF0E}.Debug|Any CPU.Build.0 = Debug|Any CPU
		{7D9871B4-129D-4DB7-B6ED-36F00A77CF0E}.Release|Any CPU.ActiveCfg = Release|Any CPU
		{7D9871B4-129D-4DB7-B6ED-36F00A77CF0E}.Release|Any CPU.Build.0 = Release|Any CPU
	EndGlobalSection
	GlobalSection(SolutionProperties) = preSolution
		HideSolutionNode = FALSE
	EndGlobalSection
	GlobalSection(ExtensibilityGlobals) = postSolution
		SolutionGuid = {D6DBFD40-A87F-4BD1-B4ED-9BCA4BCD67D8}
	EndGlobalSection
EndGlobal
