
Microsoft Visual Studio Solution File, Format Version 12.00
# Visual Studio Version 16
VisualStudioVersion = 16.0.31702.278
MinimumVisualStudioVersion = 10.0.40219.1
Project("{FAE04EC0-301F-11D3-BF4B-00C04F79EFBC}") = "Register", "Register\Register.csproj", "{18E575D8-3593-4A0A-90ED-1BE6C502D3B6}"
EndProject
Global
	GlobalSection(SolutionConfigurationPlatforms) = preSolution
		Debug|Any CPU = Debug|Any CPU
		Release|Any CPU = Release|Any CPU
	EndGlobalSection
	GlobalSection(ProjectConfigurationPlatforms) = postSolution
		{18E575D8-3593-4A0A-90ED-1BE6C502D3B6}.Debug|Any CPU.ActiveCfg = Debug|Any CPU
		{18E575D8-3593-4A0A-90ED-1BE6C502D3B6}.Debug|Any CPU.Build.0 = Debug|Any CPU
		{18E575D8-3593-4A0A-90ED-1BE6C502D3B6}.Release|Any CPU.ActiveCfg = Release|Any CPU
		{18E575D8-3593-4A0A-90ED-1BE6C502D3B6}.Release|Any CPU.Build.0 = Release|Any CPU
	EndGlobalSection
	GlobalSection(SolutionProperties) = preSolution
		HideSolutionNode = FALSE
	EndGlobalSection
	GlobalSection(ExtensibilityGlobals) = postSolution
		SolutionGuid = {F6A2581E-961A-4444-9FA0-445621B004C2}
	EndGlobalSection
EndGlobal
